// !$*UTF8*$!
{
	archiveVersion = 1;
	classes = {
	};
	objectVersion = 77;
	objects = {

/* Begin PBXContainerItemProxy section */
		0BC0AF572E69644E00A9F146 /* PBXContainerItemProxy */ = {
			isa = PBXContainerItemProxy;
			containerPortal = 0BC0AF3C2E69644900A9F146 /* Project object */;
			proxyType = 1;
			remoteGlobalIDString = 0BC0AF432E69644900A9F146;
			remoteInfo = FEG2;
		};
		0BC0AF612E69644E00A9F146 /* PBXContainerItemProxy */ = {
			isa = PBXContainerItemProxy;
			containerPortal = 0BC0AF3C2E69644900A9F146 /* Project object */;
			proxyType = 1;
			remoteGlobalIDString = 0BC0AF432E69644900A9F146;
			remoteInfo = FEG2;
		};
/* End PBXContainerItemProxy section */

/* Begin PBXFileReference section */
		0BC0AF442E69644900A9F146 /* FEG2.app */ = {isa = PBXFileReference; explicitFileType = wrapper.application; includeInIndex = 0; path = FEG2.app; sourceTree = BUILT_PRODUCTS_DIR; };
		0BC0AF562E69644E00A9F146 /* FEG2Tests.xctest */ = {isa = PBXFileReference; explicitFileType = wrapper.cfbundle; includeInIndex = 0; path = FEG2Tests.xctest; sourceTree = BUILT_PRODUCTS_DIR; };
		0BC0AF602E69644E00A9F146 /* FEG2UITests.xctest */ = {isa = PBXFileReference; explicitFileType = wrapper.cfbundle; includeInIndex = 0; path = FEG2UITests.xctest; sourceTree = BUILT_PRODUCTS_DIR; };
/* End PBXFileReference section */

/* Begin PBXFileSystemSynchronizedBuildFileExceptionSet section */
		0BCE379D2E6A8FFC005D2036 /* Exceptions for "FEG2" folder in "FEG2" target */ = {
			isa = PBXFileSystemSynchronizedBuildFileExceptionSet;
			membershipExceptions = (
				Info.plist,
			);
			target = 0BC0AF432E69644900A9F146 /* FEG2 */;
		};
/* End PBXFileSystemSynchronizedBuildFileExceptionSet section */

/* Begin PBXFileSystemSynchronizedRootGroup section */
		0BC0AF462E69644900A9F146 /* FEG2 */ = {
			isa = PBXFileSystemSynchronizedRootGroup;
			exceptions = (
				0BCE379D2E6A8FFC005D2036 /* Exceptions for "FEG2" folder in "FEG2" target */,
			);
			path = FEG2;
			sourceTree = "<group>";
		};
		0BC0AF592E69644E00A9F146 /* FEG2Tests */ = {
			isa = PBXFileSystemSynchronizedRootGroup;
			path = FEG2Tests;
			sourceTree = "<group>";
		};
		0BC0AF632E69644E00A9F146 /* FEG2UITests */ = {
			isa = PBXFileSystemSynchronizedRootGroup;
			path = FEG2UITests;
			sourceTree = "<group>";
		};
/* End PBXFileSystemSynchronizedRootGroup section */

/* Begin PBXFrameworksBuildPhase section */
		0BC0AF412E69644900A9F146 /* Frameworks */ = {
			isa = PBXFrameworksBuildPhase;
			buildActionMask = 2147483647;
			files = (
			);
			runOnlyForDeploymentPostprocessing = 0;
		};
		0BC0AF532E69644E00A9F146 /* Frameworks */ = {
			isa = PBXFrameworksBuildPhase;
			buildActionMask = 2147483647;
			files = (
			);
			runOnlyForDeploymentPostprocessing = 0;
		};
		0BC0AF5D2E69644E00A9F146 /* Frameworks */ = {
			isa = PBXFrameworksBuildPhase;
			buildActionMask = 2147483647;
			files = (
			);
			runOnlyForDeploymentPostprocessing = 0;
		};
/* End PBXFrameworksBuildPhase section */

/* Begin PBXGroup section */
		0BC0AF3B2E69644900A9F146 = {
			isa = PBXGroup;
			children = (
				0BC0AF462E69644900A9F146 /* FEG2 */,
				0BC0AF592E69644E00A9F146 /* FEG2Tests */,
				0BC0AF632E69644E00A9F146 /* FEG2UITests */,
				0BC0AF452E69644900A9F146 /* Products */,
			);
			sourceTree = "<group>";
		};
		0BC0AF452E69644900A9F146 /* Products */ = {
			isa = PBXGroup;
			children = (
				0BC0AF442E69644900A9F146 /* FEG2.app */,
				0BC0AF562E69644E00A9F146 /* FEG2Tests.xctest */,
				0BC0AF602E69644E00A9F146 /* FEG2UITests.xctest */,
			);
			name = Products;
			sourceTree = "<group>";
		};
/* End PBXGroup section */

/* Begin PBXNativeTarget section */
		0BC0AF432E69644900A9F146 /* FEG2 */ = {
			isa = PBXNativeTarget;
			buildConfigurationList = 0BC0AF6A2E69644E00A9F146 /* Build configuration list for PBXNativeTarget "FEG2" */;
			buildPhases = (
				0BC0AF402E69644900A9F146 /* Sources */,
				0BC0AF412E69644900A9F146 /* Frameworks */,
				0BC0AF422E69644900A9F146 /* Resources */,
			);
			buildRules = (
			);
			dependencies = (
			);
			fileSystemSynchronizedGroups = (
				0BC0AF462E69644900A9F146 /* FEG2 */,
			);
			name = FEG2;
			packageProductDependencies = (
			);
			productName = FEG2;
			productReference = 0BC0AF442E69644900A9F146 /* FEG2.app */;
			productType = "com.apple.product-type.application";
		};
		0BC0AF552E69644E00A9F146 /* FEG2Tests */ = {
			isa = PBXNativeTarget;
			buildConfigurationList = 0BC0AF6D2E69644E00A9F146 /* Build configuration list for PBXNativeTarget "FEG2Tests" */;
			buildPhases = (
				0BC0AF522E69644E00A9F146 /* Sources */,
				0BC0AF532E69644E00A9F146 /* Frameworks */,
				0BC0AF542E69644E00A9F146 /* Resources */,
			);
			buildRules = (
			);
			dependencies = (
				0BC0AF582E69644E00A9F146 /* PBXTargetDependency */,
			);
			fileSystemSynchronizedGroups = (
				0BC0AF592E69644E00A9F146 /* FEG2Tests */,
			);
			name = FEG2Tests;
			packageProductDependencies = (
			);
			productName = FEG2Tests;
			productReference = 0BC0AF562E69644E00A9F146 /* FEG2Tests.xctest */;
			productType = "com.apple.product-type.bundle.unit-test";
		};
		0BC0AF5F2E69644E00A9F146 /* FEG2UITests */ = {
			isa = PBXNativeTarget;
			buildConfigurationList = 0BC0AF702E69644E00A9F146 /* Build configuration list for PBXNativeTarget "FEG2UITests" */;
			buildPhases = (
				0BC0AF5C2E69644E00A9F146 /* Sources */,
				0BC0AF5D2E69644E00A9F146 /* Frameworks */,
				0BC0AF5E2E69644E00A9F146 /* Resources */,
			);
			buildRules = (
			);
			dependencies = (
				0BC0AF622E69644E00A9F146 /* PBXTargetDependency */,
			);
			fileSystemSynchronizedGroups = (
				0BC0AF632E69644E00A9F146 /* FEG2UITests */,
			);
			name = FEG2UITests;
			packageProductDependencies = (
			);
			productName = FEG2UITests;
			productReference = 0BC0AF602E69644E00A9F146 /* FEG2UITests.xctest */;
			productType = "com.apple.product-type.bundle.ui-testing";
		};
/* End PBXNativeTarget section */

/* Begin PBXProject section */
		0BC0AF3C2E69644900A9F146 /* Project object */ = {
			isa = PBXProject;
			attributes = {
				BuildIndependentTargetsInParallel = 1;
				LastSwiftUpdateCheck = 1630;
				LastUpgradeCheck = 1630;
				TargetAttributes = {
					0BC0AF432E69644900A9F146 = {
						CreatedOnToolsVersion = 16.3;
					};
					0BC0AF552E69644E00A9F146 = {
						CreatedOnToolsVersion = 16.3;
						TestTargetID = 0BC0AF432E69644900A9F146;
					};
					0BC0AF5F2E69644E00A9F146 = {
						CreatedOnToolsVersion = 16.3;
						TestTargetID = 0BC0AF432E69644900A9F146;
					};
				};
			};
			buildConfigurationList = 0BC0AF3F2E69644900A9F146 /* Build configuration list for PBXProject "FEG2" */;
			developmentRegion = en;
			hasScannedForEncodings = 0;
			knownRegions = (
				en,
				Base,
			);
			mainGroup = 0BC0AF3B2E69644900A9F146;
			minimizedProjectReferenceProxies = 1;
			preferredProjectObjectVersion = 77;
			productRefGroup = 0BC0AF452E69644900A9F146 /* Products */;
			projectDirPath = "";
			projectRoot = "";
			targets = (
				0BC0AF432E69644900A9F146 /* FEG2 */,
				0BC0AF552E69644E00A9F146 /* FEG2Tests */,
				0BC0AF5F2E69644E00A9F146 /* FEG2UITests */,
			);
		};
/* End PBXProject section */

/* Begin PBXResourcesBuildPhase section */
		0BC0AF422E69644900A9F146 /* Resources */ = {
			isa = PBXResourcesBuildPhase;
			buildActionMask = 2147483647;
			files = (
			);
			runOnlyForDeploymentPostprocessing = 0;
		};
		0BC0AF542E69644E00A9F146 /* Resources */ = {
			isa = PBXResourcesBuildPhase;
			buildActionMask = 2147483647;
			files = (
			);
			runOnlyForDeploymentPostprocessing = 0;
		};
		0BC0AF5E2E69644E00A9F146 /* Resources */ = {
			isa = PBXResourcesBuildPhase;
			buildActionMask = 2147483647;
			files = (
			);
			runOnlyForDeploymentPostprocessing = 0;
		};
/* End PBXResourcesBuildPhase section */

/* Begin PBXSourcesBuildPhase section */
		0BC0AF402E69644900A9F146 /* Sources */ = {
			isa = PBXSourcesBuildPhase;
			buildActionMask = 2147483647;
			files = (
			);
			runOnlyForDeploymentPostprocessing = 0;
		};
		0BC0AF522E69644E00A9F146 /* Sources */ = {
			isa = PBXSourcesBuildPhase;
			buildActionMask = 2147483647;
			files = (
			);
			runOnlyForDeploymentPostprocessing = 0;
		};
		0BC0AF5C2E69644E00A9F146 /* Sources */ = {
			isa = PBXSourcesBuildPhase;
			buildActionMask = 2147483647;
			files = (
			);
			runOnlyForDeploymentPostprocessing = 0;
		};
/* End PBXSourcesBuildPhase section */

/* Begin PBXTargetDependency section */
		0BC0AF582E69644E00A9F146 /* PBXTargetDependency */ = {
			isa = PBXTargetDependency;
			target = 0BC0AF432E69644900A9F146 /* FEG2 */;
			targetProxy = 0BC0AF572E69644E00A9F146 /* PBXContainerItemProxy */;
		};
		0BC0AF622E69644E00A9F146 /* PBXTargetDependency */ = {
			isa = PBXTargetDependency;
			target = 0BC0AF432E69644900A9F146 /* FEG2 */;
			targetProxy = 0BC0AF612E69644E00A9F146 /* PBXContainerItemProxy */;
		};
/* End PBXTargetDependency section */

/* Begin XCBuildConfiguration section */
		0BC0AF682E69644E00A9F146 /* Debug */ = {
			isa = XCBuildConfiguration;
			buildSettings = {
				ALWAYS_SEARCH_USER_PATHS = NO;
				ASSETCATALOG_COMPILER_GENERATE_SWIFT_ASSET_SYMBOL_EXTENSIONS = YES;
				CLANG_ANALYZER_NONNULL = YES;
				CLANG_ANALYZER_NUMBER_OBJECT_CONVERSION = YES_AGGRESSIVE;
				CLANG_CXX_LANGUAGE_STANDARD = "gnu++20";
				CLANG_ENABLE_MODULES = YES;
				CLANG_ENABLE_OBJC_ARC = YES;
				CLANG_ENABLE_OBJC_WEAK = YES;
				CLANG_WARN_BLOCK_CAPTURE_AUTORELEASING = YES;
				CLANG_WARN_BOOL_CONVERSION = YES;
				CLANG_WARN_COMMA = YES;
				CLANG_WARN_CONSTANT_CONVERSION = YES;
				CLANG_WARN_DEPRECATED_OBJC_IMPLEMENTATIONS = YES;
				CLANG_WARN_DIRECT_OBJC_ISA_USAGE = YES_ERROR;
				CLANG_WARN_DOCUMENTATION_COMMENTS = YES;
				CLANG_WARN_EMPTY_BODY = YES;
				CLANG_WARN_ENUM_CONVERSION = YES;
				CLANG_WARN_INFINITE_RECURSION = YES;
				CLANG_WARN_INT_CONVERSION = YES;
				CLANG_WARN_NON_LITERAL_NULL_CONVERSION = YES;
				CLANG_WARN_OBJC_IMPLICIT_RETAIN_SELF = YES;
				CLANG_WARN_OBJC_LITERAL_CONVERSION = YES;
				CLANG_WARN_OBJC_ROOT_CLASS = YES_ERROR;
				CLANG_WARN_QUOTED_INCLUDE_IN_FRAMEWORK_HEADER = YES;
				CLANG_WARN_RANGE_LOOP_ANALYSIS = YES;
				CLANG_WARN_STRICT_PROTOTYPES = YES;
				CLANG_WARN_SUSPICIOUS_MOVE = YES;
				CLANG_WARN_UNGUARDED_AVAILABILITY = YES_AGGRESSIVE;
				CLANG_WARN_UNREACHABLE_CODE = YES;
				CLANG_WARN__DUPLICATE_METHOD_MATCH = YES;
				COPY_PHASE_STRIP = NO;
				DEBUG_INFORMATION_FORMAT = dwarf;
				ENABLE_STRICT_OBJC_MSGSEND = YES;
				ENABLE_TESTABILITY = YES;
				ENABLE_USER_SCRIPT_SANDBOXING = YES;
				GCC_C_LANGUAGE_STANDARD = gnu17;
				GCC_DYNAMIC_NO_PIC = NO;
				GCC_NO_COMMON_BLOCKS = YES;
				GCC_OPTIMIZATION_LEVEL = 0;
				GCC_PREPROCESSOR_DEFINITIONS = (
					"DEBUG=1",
					"$(inherited)",
				);
				GCC_WARN_64_TO_32_BIT_CONVERSION = YES;
				GCC_WARN_ABOUT_RETURN_TYPE = YES_ERROR;
				GCC_WARN_UNDECLARED_SELECTOR = YES;
				GCC_WARN_UNINITIALIZED_AUTOS = YES_AGGRESSIVE;
				GCC_WARN_UNUSED_FUNCTION = YES;
				GCC_WARN_UNUSED_VARIABLE = YES;
				IPHONEOS_DEPLOYMENT_TARGET = 18.4;
				LOCALIZATION_PREFERS_STRING_CATALOGS = YES;
				MTL_ENABLE_DEBUG_INFO = INCLUDE_SOURCE;
				MTL_FAST_MATH = YES;
				ONLY_ACTIVE_ARCH = YES;
				SDKROOT = iphoneos;
				SWIFT_ACTIVE_COMPILATION_CONDITIONS = "DEBUG $(inherited)";
				SWIFT_OPTIMIZATION_LEVEL = "-Onone";
			};
			name = Debug;
		};
		0BC0AF692E69644E00A9F146 /* Release */ = {
			isa = XCBuildConfiguration;
			buildSettings = {
				ALWAYS_SEARCH_USER_PATHS = NO;
				ASSETCATALOG_COMPILER_GENERATE_SWIFT_ASSET_SYMBOL_EXTENSIONS = YES;
				CLANG_ANALYZER_NONNULL = YES;
				CLANG_ANALYZER_NUMBER_OBJECT_CONVERSION = YES_AGGRESSIVE;
				CLANG_CXX_LANGUAGE_STANDARD = "gnu++20";
				CLANG_ENABLE_MODULES = YES;
				CLANG_ENABLE_OBJC_ARC = YES;
				CLANG_ENABLE_OBJC_WEAK = YES;
				CLANG_WARN_BLOCK_CAPTURE_AUTORELEASING = YES;
				CLANG_WARN_BOOL_CONVERSION = YES;
				CLANG_WARN_COMMA = YES;
				CLANG_WARN_CONSTANT_CONVERSION = YES;
				CLANG_WARN_DEPRECATED_OBJC_IMPLEMENTATIONS = YES;
				CLANG_WARN_DIRECT_OBJC_ISA_USAGE = YES_ERROR;
				CLANG_WARN_DOCUMENTATION_COMMENTS = YES;
				CLANG_WARN_EMPTY_BODY = YES;
				CLANG_WARN_ENUM_CONVERSION = YES;
				CLANG_WARN_INFINITE_RECURSION = YES;
				CLANG_WARN_INT_CONVERSION = YES;
				CLANG_WARN_NON_LITERAL_NULL_CONVERSION = YES;
				CLANG_WARN_OBJC_IMPLICIT_RETAIN_SELF = YES;
				CLANG_WARN_OBJC_LITERAL_CONVERSION = YES;
				CLANG_WARN_OBJC_ROOT_CLASS = YES_ERROR;
				CLANG_WARN_QUOTED_INCLUDE_IN_FRAMEWORK_HEADER = YES;
				CLANG_WARN_RANGE_LOOP_ANALYSIS = YES;
				CLANG_WARN_STRICT_PROTOTYPES = YES;
				CLANG_WARN_SUSPICIOUS_MOVE = YES;
				CLANG_WARN_UNGUARDED_AVAILABILITY = YES_AGGRESSIVE;
				CLANG_WARN_UNREACHABLE_CODE = YES;
				CLANG_WARN__DUPLICATE_METHOD_MATCH = YES;
				COPY_PHASE_STRIP = NO;
				DEBUG_INFORMATION_FORMAT = "dwarf-with-dsym";
				ENABLE_NS_ASSERTIONS = NO;
				ENABLE_STRICT_OBJC_MSGSEND = YES;
				ENABLE_USER_SCRIPT_SANDBOXING = YES;
				GCC_C_LANGUAGE_STANDARD = gnu17;
				GCC_NO_COMMON_BLOCKS = YES;
				GCC_WARN_64_TO_32_BIT_CONVERSION = YES;
				GCC_WARN_ABOUT_RETURN_TYPE = YES_ERROR;
				GCC_WARN_UNDECLARED_SELECTOR = YES;
				GCC_WARN_UNINITIALIZED_AUTOS = YES_AGGRESSIVE;
				GCC_WARN_UNUSED_FUNCTION = YES;
				GCC_WARN_UNUSED_VARIABLE = YES;
				IPHONEOS_DEPLOYMENT_TARGET = 18.4;
				LOCALIZATION_PREFERS_STRING_CATALOGS = YES;
				MTL_ENABLE_DEBUG_INFO = NO;
				MTL_FAST_MATH = YES;
				SDKROOT = iphoneos;
				SWIFT_COMPILATION_MODE = wholemodule;
				VALIDATE_PRODUCT = YES;
			};
			name = Release;
		};
		0BC0AF6B2E69644E00A9F146 /* Debug */ = {
			isa = XCBuildConfiguration;
			buildSettings = {
				ASSETCATALOG_COMPILER_APPICON_NAME = AppIcon;
				ASSETCATALOG_COMPILER_GLOBAL_ACCENT_COLOR_NAME = AccentColor;
				CODE_SIGN_STYLE = Automatic;
				CURRENT_PROJECT_VERSION = 1;
				DEVELOPMENT_TEAM = 74HH79733Z;
				ENABLE_PREVIEWS = YES;
				GENERATE_INFOPLIST_FILE = YES;
				INFOPLIST_FILE = FEG2/Info.plist;
				INFOPLIST_KEY_UIApplicationSceneManifest_Generation = YES;
				INFOPLIST_KEY_UIApplicationSupportsIndirectInputEvents = YES;
				INFOPLIST_KEY_UILaunchScreen_Generation = YES;
				INFOPLIST_KEY_UISupportedInterfaceOrientations_iPad = "UIInterfaceOrientationPortrait UIInterfaceOrientationPortraitUpsideDown UIInterfaceOrientationLandscapeLeft UIInterfaceOrientationLandscapeRight";
				INFOPLIST_KEY_UISupportedInterfaceOrientations_iPhone = "UIInterfaceOrientationPortrait UIInterfaceOrientationLandscapeLeft UIInterfaceOrientationLandscapeRight";
				LD_RUNPATH_SEARCH_PATHS = (
					"$(inherited)",
					"@executable_path/Frameworks",
				);
				MARKETING_VERSION = 1.0;
				PRODUCT_BUNDLE_IDENTIFIER = space.webkombinat.FEG2;
				PRODUCT_NAME = "$(TARGET_NAME)";
				SWIFT_EMIT_LOC_STRINGS = YES;
				SWIFT_VERSION = 5.0;
				TARGETED_DEVICE_FAMILY = "1,2";
			};
			name = Debug;
		};
		0BC0AF6C2E69644E00A9F146 /* Release */ = {
			isa = XCBuildConfiguration;
			buildSettings = {
				ASSETCATALOG_COMPILER_APPICON_NAME = AppIcon;
				ASSETCATALOG_COMPILER_GLOBAL_ACCENT_COLOR_NAME = AccentColor;
				CODE_SIGN_STYLE = Automatic;
				CURRENT_PROJECT_VERSION = 1;
				DEVELOPMENT_TEAM = 74HH79733Z;
				ENABLE_PREVIEWS = YES;
				GENERATE_INFOPLIST_FILE = YES;
				INFOPLIST_FILE = FEG2/Info.plist;
				INFOPLIST_KEY_UIApplicationSceneManifest_Generation = YES;
				INFOPLIST_KEY_UIApplicationSupportsIndirectInputEvents = YES;
				INFOPLIST_KEY_UILaunchScreen_Generation = YES;
				INFOPLIST_KEY_UISupportedInterfaceOrientations_iPad = "UIInterfaceOrientationPortrait UIInterfaceOrientationPortraitUpsideDown UIInterfaceOrientationLandscapeLeft UIInterfaceOrientationLandscapeRight";
				INFOPLIST_KEY_UISupportedInterfaceOrientations_iPhone = "UIInterfaceOrientationPortrait UIInterfaceOrientationLandscapeLeft UIInterfaceOrientationLandscapeRight";
				LD_RUNPATH_SEARCH_PATHS = (
					"$(inherited)",
					"@executable_path/Frameworks",
				);
				MARKETING_VERSION = 1.0;
				PRODUCT_BUNDLE_IDENTIFIER = space.webkombinat.FEG2;
				PRODUCT_NAME = "$(TARGET_NAME)";
				SWIFT_EMIT_LOC_STRINGS = YES;
				SWIFT_VERSION = 5.0;
				TARGETED_DEVICE_FAMILY = "1,2";
			};
			name = Release;
		};
		0BC0AF6E2E69644E00A9F146 /* Debug */ = {
			isa = XCBuildConfiguration;
			buildSettings = {
				BUNDLE_LOADER = "$(TEST_HOST)";
				CODE_SIGN_STYLE = Automatic;
				CURRENT_PROJECT_VERSION = 1;
				GENERATE_INFOPLIST_FILE = YES;
				IPHONEOS_DEPLOYMENT_TARGET = 18.4;
				MARKETING_VERSION = 1.0;
				PRODUCT_BUNDLE_IDENTIFIER = space.webkombinat.FEG2Tests;
				PRODUCT_NAME = "$(TARGET_NAME)";
				SWIFT_EMIT_LOC_STRINGS = NO;
				SWIFT_VERSION = 5.0;
				TARGETED_DEVICE_FAMILY = "1,2";
				TEST_HOST = "$(BUILT_PRODUCTS_DIR)/FEG2.app/$(BUNDLE_EXECUTABLE_FOLDER_PATH)/FEG2";
			};
			name = Debug;
		};
		0BC0AF6F2E69644E00A9F146 /* Release */ = {
			isa = XCBuildConfiguration;
			buildSettings = {
				BUNDLE_LOADER = "$(TEST_HOST)";
				CODE_SIGN_STYLE = Automatic;
				CURRENT_PROJECT_VERSION = 1;
				GENERATE_INFOPLIST_FILE = YES;
				IPHONEOS_DEPLOYMENT_TARGET = 18.4;
				MARKETING_VERSION = 1.0;
				PRODUCT_BUNDLE_IDENTIFIER = space.webkombinat.FEG2Tests;
				PRODUCT_NAME = "$(TARGET_NAME)";
				SWIFT_EMIT_LOC_STRINGS = NO;
				SWIFT_VERSION = 5.0;
				TARGETED_DEVICE_FAMILY = "1,2";
				TEST_HOST = "$(BUILT_PRODUCTS_DIR)/FEG2.app/$(BUNDLE_EXECUTABLE_FOLDER_PATH)/FEG2";
			};
			name = Release;
		};
		0BC0AF712E69644E00A9F146 /* Debug */ = {
			isa = XCBuildConfiguration;
			buildSettings = {
				CODE_SIGN_STYLE = Automatic;
				CURRENT_PROJECT_VERSION = 1;
				GENERATE_INFOPLIST_FILE = YES;
				MARKETING_VERSION = 1.0;
				PRODUCT_BUNDLE_IDENTIFIER = space.webkombinat.FEG2UITests;
				PRODUCT_NAME = "$(TARGET_NAME)";
				SWIFT_EMIT_LOC_STRINGS = NO;
				SWIFT_VERSION = 5.0;
				TARGETED_DEVICE_FAMILY = "1,2";
				TEST_TARGET_NAME = FEG2;
			};
			name = Debug;
		};
		0BC0AF722E69644E00A9F146 /* Release */ = {
			isa = XCBuildConfiguration;
			buildSettings = {
				CODE_SIGN_STYLE = Automatic;
				CURRENT_PROJECT_VERSION = 1;
				GENERATE_INFOPLIST_FILE = YES;
				MARKETING_VERSION = 1.0;
				PRODUCT_BUNDLE_IDENTIFIER = space.webkombinat.FEG2UITests;
				PRODUCT_NAME = "$(TARGET_NAME)";
				SWIFT_EMIT_LOC_STRINGS = NO;
				SWIFT_VERSION = 5.0;
				TARGETED_DEVICE_FAMILY = "1,2";
				TEST_TARGET_NAME = FEG2;
			};
			name = Release;
		};
/* End XCBuildConfiguration section */

/* Begin XCConfigurationList section */
		0BC0AF3F2E69644900A9F146 /* Build configuration list for PBXProject "FEG2" */ = {
			isa = XCConfigurationList;
			buildConfigurations = (
				0BC0AF682E69644E00A9F146 /* Debug */,
				0BC0AF692E69644E00A9F146 /* Release */,
			);
			defaultConfigurationIsVisible = 0;
			defaultConfigurationName = Release;
		};
		0BC0AF6A2E69644E00A9F146 /* Build configuration list for PBXNativeTarget "FEG2" */ = {
			isa = XCConfigurationList;
			buildConfigurations = (
				0BC0AF6B2E69644E00A9F146 /* Debug */,
				0BC0AF6C2E69644E00A9F146 /* Release */,
			);
			defaultConfigurationIsVisible = 0;
			defaultConfigurationName = Release;
		};
		0BC0AF6D2E69644E00A9F146 /* Build configuration list for PBXNativeTarget "FEG2Tests" */ = {
			isa = XCConfigurationList;
			buildConfigurations = (
				0BC0AF6E2E69644E00A9F146 /* Debug */,
				0BC0AF6F2E69644E00A9F146 /* Release */,
			);
			defaultConfigurationIsVisible = 0;
			defaultConfigurationName = Release;
		};
		0BC0AF702E69644E00A9F146 /* Build configuration list for PBXNativeTarget "FEG2UITests" */ = {
			isa = XCConfigurationList;
			buildConfigurations = (
				0BC0AF712E69644E00A9F146 /* Debug */,
				0BC0AF722E69644E00A9F146 /* Release */,
			);
			defaultConfigurationIsVisible = 0;
			defaultConfigurationName = Release;
		};
/* End XCConfigurationList section */
	};
	rootObject = 0BC0AF3C2E69644900A9F146 /* Project object */;
}
